
Microsoft Visual Studio Solution File, Format Version 12.00
# Visual Studio Version 17
VisualStudioVersion = 17.8.34525.116
MinimumVisualStudioVersion = 10.0.40219.1
Project("{FAE04EC0-301F-11D3-BF4B-00C04F79EFBC}") = "FortniteFestivalLeaderboardScraper", "FortniteFestivalLeaderboardScraper\FortniteFestivalLeaderboardScraper.csproj", "{5FBE5A46-4C49-45D0-AB79-9F1086509B94}"
EndProject
Project("{FAE04EC0-301F-11D3-BF4B-00C04F79EFBC}") = "FortniteFestival.Core", "FortniteFestival.Core\FortniteFestival.Core.csproj", "{289A4809-9A95-D430-3C88-E275A5628D83}"
EndProject
Project("{FAE04EC0-301F-11D3-BF4B-00C04F79EFBC}") = "FortniteFestival.LeaderboardScraper.MAUI", "FortniteFestival.LeaderboardScraper.MAUI\FortniteFestival.LeaderboardScraper.MAUI.csproj", "{DD0495B0-7E0C-6D5E-1448-3336967EEB9F}"
EndProject
Global
	GlobalSection(SolutionConfigurationPlatforms) = preSolution
		Debug|Any CPU = Debug|Any CPU
		Debug|x64 = Debug|x64
		Release|Any CPU = Release|Any CPU
		Release|x64 = Release|x64
	EndGlobalSection
	GlobalSection(ProjectConfigurationPlatforms) = postSolution
		{5FBE5A46-4C49-45D0-AB79-9F1086509B94}.Debug|Any CPU.ActiveCfg = Debug|x64
		{5FBE5A46-4C49-45D0-AB79-9F1086509B94}.Debug|Any CPU.Build.0 = Debug|x64
		{5FBE5A46-4C49-45D0-AB79-9F1086509B94}.Debug|x64.ActiveCfg = Debug|x64
		{5FBE5A46-4C49-45D0-AB79-9F1086509B94}.Debug|x64.Build.0 = Debug|x64
		{5FBE5A46-4C49-45D0-AB79-9F1086509B94}.Release|Any CPU.ActiveCfg = Release|Any CPU
		{5FBE5A46-4C49-45D0-AB79-9F1086509B94}.Release|Any CPU.Build.0 = Release|Any CPU
		{5FBE5A46-4C49-45D0-AB79-9F1086509B94}.Release|x64.ActiveCfg = Release|x64
		{5FBE5A46-4C49-45D0-AB79-9F1086509B94}.Release|x64.Build.0 = Release|x64
		{289A4809-9A95-D430-3C88-E275A5628D83}.Debug|Any CPU.ActiveCfg = Debug|Any CPU
		{289A4809-9A95-D430-3C88-E275A5628D83}.Debug|Any CPU.Build.0 = Debug|Any CPU
		{289A4809-9A95-D430-3C88-E275A5628D83}.Debug|x64.ActiveCfg = Debug|Any CPU
		{289A4809-9A95-D430-3C88-E275A5628D83}.Debug|x64.Build.0 = Debug|Any CPU
		{289A4809-9A95-D430-3C88-E275A5628D83}.Release|Any CPU.ActiveCfg = Release|Any CPU
		{289A4809-9A95-D430-3C88-E275A5628D83}.Release|Any CPU.Build.0 = Release|Any CPU
		{289A4809-9A95-D430-3C88-E275A5628D83}.Release|x64.ActiveCfg = Release|Any CPU
		{289A4809-9A95-D430-3C88-E275A5628D83}.Release|x64.Build.0 = Release|Any CPU
		{DD0495B0-7E0C-6D5E-1448-3336967EEB9F}.Debug|Any CPU.ActiveCfg = Debug|Any CPU
		{DD0495B0-7E0C-6D5E-1448-3336967EEB9F}.Debug|Any CPU.Build.0 = Debug|Any CPU
		{DD0495B0-7E0C-6D5E-1448-3336967EEB9F}.Debug|x64.ActiveCfg = Debug|Any CPU
		{DD0495B0-7E0C-6D5E-1448-3336967EEB9F}.Debug|x64.Build.0 = Debug|Any CPU
		{DD0495B0-7E0C-6D5E-1448-3336967EEB9F}.Release|Any CPU.ActiveCfg = Release|Any CPU
		{DD0495B0-7E0C-6D5E-1448-3336967EEB9F}.Release|Any CPU.Build.0 = Release|Any CPU
		{DD0495B0-7E0C-6D5E-1448-3336967EEB9F}.Release|x64.ActiveCfg = Release|Any CPU
		{DD0495B0-7E0C-6D5E-1448-3336967EEB9F}.Release|x64.Build.0 = Release|Any CPU
		{DD0495B0-7E0C-6D5E-1448-3336967EEB9F}.Release|x64.Deploy.0 = Release|Any CPU
	EndGlobalSection
	GlobalSection(SolutionProperties) = preSolution
		HideSolutionNode = FALSE
	EndGlobalSection
	GlobalSection(ExtensibilityGlobals) = postSolution
		SolutionGuid = {EA0F98CC-901C-4F67-8564-8DA764DA816E}
	EndGlobalSection
EndGlobal
