
Microsoft Visual Studio Solution File, Format Version 12.00
# Visual Studio Version 17
VisualStudioVersion = 17.8.34525.116
MinimumVisualStudioVersion = 10.0.40219.1
Project("{FAE04EC0-301F-11D3-BF4B-00C04F79EFBC}") = "FortniteFestival.Core", "FortniteFestival.Core\FortniteFestival.Core.csproj", "{289A4809-9A95-D430-3C88-E275A5628D83}"
EndProject
Project("{FAE04EC0-301F-11D3-BF4B-00C04F79EFBC}") = "FortniteFestival.LeaderboardScraper.MAUI", "FortniteFestival.LeaderboardScraper.MAUI\FortniteFestival.LeaderboardScraper.MAUI.csproj", "{DD0495B0-7E0C-6D5E-1448-3336967EEB9F}"
EndProject
Project("{FAE04EC0-301F-11D3-BF4B-00C04F79EFBC}") = "FSTService", "FSTService\FSTService.csproj", "{6E856324-37C4-4CB5-89D2-809D9C18A898}"
EndProject
Project("{FAE04EC0-301F-11D3-BF4B-00C04F79EFBC}") = "FSTService.Tests", "FSTService.Tests\FSTService.Tests.csproj", "{3DE4AE40-457E-48EC-95A8-8FB653075B14}"
EndProject
Project("{FAE04EC0-301F-11D3-BF4B-00C04F79EFBC}") = "SongMachineHarness", "FSTService.Harnesses\SongMachineHarness\SongMachineHarness.csproj", "{E5C95FB2-DB96-4A74-A41E-BE1293E9D0C2}"
EndProject
Project("{FAE04EC0-301F-11D3-BF4B-00C04F79EFBC}") = "FirstSeenHarness", "FSTService.Harnesses\FirstSeenHarness\FirstSeenHarness.csproj", "{F95C9B19-12C9-4B1E-B829-B7B3094EC610}"
EndProject
Project("{FAE04EC0-301F-11D3-BF4B-00C04F79EFBC}") = "V1ScrapeHarness", "FSTService.Harnesses\V1ScrapeHarness\V1ScrapeHarness.csproj", "{9E821E70-8AA5-4EE6-B2AB-BBB7036CDB9F}"
EndProject
Project("{FAE04EC0-301F-11D3-BF4B-00C04F79EFBC}") = "RankingsPerfHarness", "FSTService.Harnesses\RankingsPerfHarness\RankingsPerfHarness.csproj", "{A7C1F210-4B8D-4E3C-9A1B-5F6E0D2E8A11}"
EndProject
Project("{FAE04EC0-301F-11D3-BF4B-00C04F79EFBC}") = "BandRankingRepairHarness", "FSTService.Harnesses\BandRankingRepairHarness\BandRankingRepairHarness.csproj", "{3A0D0F66-29BF-4B2D-A775-1B976E5B1B64}"
EndProject
Project("{FAE04EC0-301F-11D3-BF4B-00C04F79EFBC}") = "ComboRankingRepairHarness", "FSTService.Harnesses\ComboRankingRepairHarness\ComboRankingRepairHarness.csproj", "{4E4DE8BC-1D34-4F02-A015-A4D302D4C11E}"
EndProject
Project("{FAE04EC0-301F-11D3-BF4B-00C04F79EFBC}") = "PostScrapeCloneHarness", "FSTService.Harnesses\PostScrapeCloneHarness\PostScrapeCloneHarness.csproj", "{2F650BF6-3D0A-4E82-8AF4-1D81194DEB53}"
EndProject
Project("{FAE04EC0-301F-11D3-BF4B-00C04F79EFBC}") = "BandSearchProjectionHarness", "FSTService.Harnesses\BandSearchProjectionHarness\BandSearchProjectionHarness.csproj", "{B2A81BDE-1F46-4D4A-B39C-55F3E21E5B8F}"
EndProject
Global
	GlobalSection(SolutionConfigurationPlatforms) = preSolution
		Debug|Any CPU = Debug|Any CPU
		Debug|x64 = Debug|x64
		Debug|x86 = Debug|x86
		Release|Any CPU = Release|Any CPU
		Release|x64 = Release|x64
		Release|x86 = Release|x86
	EndGlobalSection
	GlobalSection(ProjectConfigurationPlatforms) = postSolution
		{289A4809-9A95-D430-3C88-E275A5628D83}.Debug|Any CPU.ActiveCfg = Debug|Any CPU
		{289A4809-9A95-D430-3C88-E275A5628D83}.Debug|Any CPU.Build.0 = Debug|Any CPU
		{289A4809-9A95-D430-3C88-E275A5628D83}.Debug|x64.ActiveCfg = Debug|Any CPU
		{289A4809-9A95-D430-3C88-E275A5628D83}.Debug|x64.Build.0 = Debug|Any CPU
		{289A4809-9A95-D430-3C88-E275A5628D83}.Debug|x86.ActiveCfg = Debug|Any CPU
		{289A4809-9A95-D430-3C88-E275A5628D83}.Debug|x86.Build.0 = Debug|Any CPU
		{289A4809-9A95-D430-3C88-E275A5628D83}.Release|Any CPU.ActiveCfg = Release|Any CPU
		{289A4809-9A95-D430-3C88-E275A5628D83}.Release|Any CPU.Build.0 = Release|Any CPU
		{289A4809-9A95-D430-3C88-E275A5628D83}.Release|x64.ActiveCfg = Release|Any CPU
		{289A4809-9A95-D430-3C88-E275A5628D83}.Release|x64.Build.0 = Release|Any CPU
		{289A4809-9A95-D430-3C88-E275A5628D83}.Release|x86.ActiveCfg = Release|Any CPU
		{289A4809-9A95-D430-3C88-E275A5628D83}.Release|x86.Build.0 = Release|Any CPU
		{DD0495B0-7E0C-6D5E-1448-3336967EEB9F}.Debug|Any CPU.ActiveCfg = Debug|Any CPU
		{DD0495B0-7E0C-6D5E-1448-3336967EEB9F}.Debug|Any CPU.Build.0 = Debug|Any CPU
		{DD0495B0-7E0C-6D5E-1448-3336967EEB9F}.Debug|x64.ActiveCfg = Debug|Any CPU
		{DD0495B0-7E0C-6D5E-1448-3336967EEB9F}.Debug|x64.Build.0 = Debug|Any CPU
		{DD0495B0-7E0C-6D5E-1448-3336967EEB9F}.Debug|x86.ActiveCfg = Debug|Any CPU
		{DD0495B0-7E0C-6D5E-1448-3336967EEB9F}.Debug|x86.Build.0 = Debug|Any CPU
		{DD0495B0-7E0C-6D5E-1448-3336967EEB9F}.Release|Any CPU.ActiveCfg = Release|Any CPU
		{DD0495B0-7E0C-6D5E-1448-3336967EEB9F}.Release|Any CPU.Build.0 = Release|Any CPU
		{DD0495B0-7E0C-6D5E-1448-3336967EEB9F}.Release|x64.ActiveCfg = Release|Any CPU
		{DD0495B0-7E0C-6D5E-1448-3336967EEB9F}.Release|x64.Build.0 = Release|Any CPU
		{DD0495B0-7E0C-6D5E-1448-3336967EEB9F}.Release|x64.Deploy.0 = Release|Any CPU
		{DD0495B0-7E0C-6D5E-1448-3336967EEB9F}.Release|x86.ActiveCfg = Release|Any CPU
		{DD0495B0-7E0C-6D5E-1448-3336967EEB9F}.Release|x86.Build.0 = Release|Any CPU
		{6E856324-37C4-4CB5-89D2-809D9C18A898}.Debug|Any CPU.ActiveCfg = Debug|Any CPU
		{6E856324-37C4-4CB5-89D2-809D9C18A898}.Debug|Any CPU.Build.0 = Debug|Any CPU
		{6E856324-37C4-4CB5-89D2-809D9C18A898}.Debug|x64.ActiveCfg = Debug|Any CPU
		{6E856324-37C4-4CB5-89D2-809D9C18A898}.Debug|x64.Build.0 = Debug|Any CPU
		{6E856324-37C4-4CB5-89D2-809D9C18A898}.Debug|x86.ActiveCfg = Debug|Any CPU
		{6E856324-37C4-4CB5-89D2-809D9C18A898}.Debug|x86.Build.0 = Debug|Any CPU
		{6E856324-37C4-4CB5-89D2-809D9C18A898}.Release|Any CPU.ActiveCfg = Release|Any CPU
		{6E856324-37C4-4CB5-89D2-809D9C18A898}.Release|Any CPU.Build.0 = Release|Any CPU
		{6E856324-37C4-4CB5-89D2-809D9C18A898}.Release|x64.ActiveCfg = Release|Any CPU
		{6E856324-37C4-4CB5-89D2-809D9C18A898}.Release|x64.Build.0 = Release|Any CPU
		{6E856324-37C4-4CB5-89D2-809D9C18A898}.Release|x86.ActiveCfg = Release|Any CPU
		{6E856324-37C4-4CB5-89D2-809D9C18A898}.Release|x86.Build.0 = Release|Any CPU
		{3DE4AE40-457E-48EC-95A8-8FB653075B14}.Debug|Any CPU.ActiveCfg = Debug|Any CPU
		{3DE4AE40-457E-48EC-95A8-8FB653075B14}.Debug|Any CPU.Build.0 = Debug|Any CPU
		{3DE4AE40-457E-48EC-95A8-8FB653075B14}.Debug|x64.ActiveCfg = Debug|Any CPU
		{3DE4AE40-457E-48EC-95A8-8FB653075B14}.Debug|x64.Build.0 = Debug|Any CPU
		{3DE4AE40-457E-48EC-95A8-8FB653075B14}.Debug|x86.ActiveCfg = Debug|Any CPU
		{3DE4AE40-457E-48EC-95A8-8FB653075B14}.Debug|x86.Build.0 = Debug|Any CPU
		{3DE4AE40-457E-48EC-95A8-8FB653075B14}.Release|Any CPU.ActiveCfg = Release|Any CPU
		{3DE4AE40-457E-48EC-95A8-8FB653075B14}.Release|Any CPU.Build.0 = Release|Any CPU
		{3DE4AE40-457E-48EC-95A8-8FB653075B14}.Release|x64.ActiveCfg = Release|Any CPU
		{3DE4AE40-457E-48EC-95A8-8FB653075B14}.Release|x64.Build.0 = Release|Any CPU
		{3DE4AE40-457E-48EC-95A8-8FB653075B14}.Release|x86.ActiveCfg = Release|Any CPU
		{3DE4AE40-457E-48EC-95A8-8FB653075B14}.Release|x86.Build.0 = Release|Any CPU
		{E5C95FB2-DB96-4A74-A41E-BE1293E9D0C2}.Debug|Any CPU.ActiveCfg = Debug|Any CPU
		{E5C95FB2-DB96-4A74-A41E-BE1293E9D0C2}.Debug|Any CPU.Build.0 = Debug|Any CPU
		{E5C95FB2-DB96-4A74-A41E-BE1293E9D0C2}.Debug|x64.ActiveCfg = Debug|Any CPU
		{E5C95FB2-DB96-4A74-A41E-BE1293E9D0C2}.Debug|x64.Build.0 = Debug|Any CPU
		{E5C95FB2-DB96-4A74-A41E-BE1293E9D0C2}.Debug|x86.ActiveCfg = Debug|Any CPU
		{E5C95FB2-DB96-4A74-A41E-BE1293E9D0C2}.Debug|x86.Build.0 = Debug|Any CPU
		{E5C95FB2-DB96-4A74-A41E-BE1293E9D0C2}.Release|Any CPU.ActiveCfg = Release|Any CPU
		{E5C95FB2-DB96-4A74-A41E-BE1293E9D0C2}.Release|Any CPU.Build.0 = Release|Any CPU
		{E5C95FB2-DB96-4A74-A41E-BE1293E9D0C2}.Release|x64.ActiveCfg = Release|Any CPU
		{E5C95FB2-DB96-4A74-A41E-BE1293E9D0C2}.Release|x64.Build.0 = Release|Any CPU
		{E5C95FB2-DB96-4A74-A41E-BE1293E9D0C2}.Release|x86.ActiveCfg = Release|Any CPU
		{E5C95FB2-DB96-4A74-A41E-BE1293E9D0C2}.Release|x86.Build.0 = Release|Any CPU
		{F95C9B19-12C9-4B1E-B829-B7B3094EC610}.Debug|Any CPU.ActiveCfg = Debug|Any CPU
		{F95C9B19-12C9-4B1E-B829-B7B3094EC610}.Debug|Any CPU.Build.0 = Debug|Any CPU
		{F95C9B19-12C9-4B1E-B829-B7B3094EC610}.Debug|x64.ActiveCfg = Debug|Any CPU
		{F95C9B19-12C9-4B1E-B829-B7B3094EC610}.Debug|x64.Build.0 = Debug|Any CPU
		{F95C9B19-12C9-4B1E-B829-B7B3094EC610}.Debug|x86.ActiveCfg = Debug|Any CPU
		{F95C9B19-12C9-4B1E-B829-B7B3094EC610}.Debug|x86.Build.0 = Debug|Any CPU
		{F95C9B19-12C9-4B1E-B829-B7B3094EC610}.Release|Any CPU.ActiveCfg = Release|Any CPU
		{F95C9B19-12C9-4B1E-B829-B7B3094EC610}.Release|Any CPU.Build.0 = Release|Any CPU
		{F95C9B19-12C9-4B1E-B829-B7B3094EC610}.Release|x64.ActiveCfg = Release|Any CPU
		{F95C9B19-12C9-4B1E-B829-B7B3094EC610}.Release|x64.Build.0 = Release|Any CPU
		{F95C9B19-12C9-4B1E-B829-B7B3094EC610}.Release|x86.ActiveCfg = Release|Any CPU
		{F95C9B19-12C9-4B1E-B829-B7B3094EC610}.Release|x86.Build.0 = Release|Any CPU
		{9E821E70-8AA5-4EE6-B2AB-BBB7036CDB9F}.Debug|Any CPU.ActiveCfg = Debug|Any CPU
		{9E821E70-8AA5-4EE6-B2AB-BBB7036CDB9F}.Debug|Any CPU.Build.0 = Debug|Any CPU
		{9E821E70-8AA5-4EE6-B2AB-BBB7036CDB9F}.Debug|x64.ActiveCfg = Debug|Any CPU
		{9E821E70-8AA5-4EE6-B2AB-BBB7036CDB9F}.Debug|x64.Build.0 = Debug|Any CPU
		{9E821E70-8AA5-4EE6-B2AB-BBB7036CDB9F}.Debug|x86.ActiveCfg = Debug|Any CPU
		{9E821E70-8AA5-4EE6-B2AB-BBB7036CDB9F}.Debug|x86.Build.0 = Debug|Any CPU
		{9E821E70-8AA5-4EE6-B2AB-BBB7036CDB9F}.Release|Any CPU.ActiveCfg = Release|Any CPU
		{9E821E70-8AA5-4EE6-B2AB-BBB7036CDB9F}.Release|Any CPU.Build.0 = Release|Any CPU
		{9E821E70-8AA5-4EE6-B2AB-BBB7036CDB9F}.Release|x64.ActiveCfg = Release|Any CPU
		{9E821E70-8AA5-4EE6-B2AB-BBB7036CDB9F}.Release|x64.Build.0 = Release|Any CPU
		{9E821E70-8AA5-4EE6-B2AB-BBB7036CDB9F}.Release|x86.ActiveCfg = Release|Any CPU
		{9E821E70-8AA5-4EE6-B2AB-BBB7036CDB9F}.Release|x86.Build.0 = Release|Any CPU
		{A7C1F210-4B8D-4E3C-9A1B-5F6E0D2E8A11}.Debug|Any CPU.ActiveCfg = Debug|Any CPU
		{A7C1F210-4B8D-4E3C-9A1B-5F6E0D2E8A11}.Debug|Any CPU.Build.0 = Debug|Any CPU
		{A7C1F210-4B8D-4E3C-9A1B-5F6E0D2E8A11}.Debug|x64.ActiveCfg = Debug|Any CPU
		{A7C1F210-4B8D-4E3C-9A1B-5F6E0D2E8A11}.Debug|x64.Build.0 = Debug|Any CPU
		{A7C1F210-4B8D-4E3C-9A1B-5F6E0D2E8A11}.Debug|x86.ActiveCfg = Debug|Any CPU
		{A7C1F210-4B8D-4E3C-9A1B-5F6E0D2E8A11}.Debug|x86.Build.0 = Debug|Any CPU
		{A7C1F210-4B8D-4E3C-9A1B-5F6E0D2E8A11}.Release|Any CPU.ActiveCfg = Release|Any CPU
		{A7C1F210-4B8D-4E3C-9A1B-5F6E0D2E8A11}.Release|Any CPU.Build.0 = Release|Any CPU
		{A7C1F210-4B8D-4E3C-9A1B-5F6E0D2E8A11}.Release|x64.ActiveCfg = Release|Any CPU
		{A7C1F210-4B8D-4E3C-9A1B-5F6E0D2E8A11}.Release|x64.Build.0 = Release|Any CPU
		{A7C1F210-4B8D-4E3C-9A1B-5F6E0D2E8A11}.Release|x86.ActiveCfg = Release|Any CPU
		{A7C1F210-4B8D-4E3C-9A1B-5F6E0D2E8A11}.Release|x86.Build.0 = Release|Any CPU
		{3A0D0F66-29BF-4B2D-A775-1B976E5B1B64}.Debug|Any CPU.ActiveCfg = Debug|Any CPU
		{3A0D0F66-29BF-4B2D-A775-1B976E5B1B64}.Debug|Any CPU.Build.0 = Debug|Any CPU
		{3A0D0F66-29BF-4B2D-A775-1B976E5B1B64}.Debug|x64.ActiveCfg = Debug|Any CPU
		{3A0D0F66-29BF-4B2D-A775-1B976E5B1B64}.Debug|x64.Build.0 = Debug|Any CPU
		{3A0D0F66-29BF-4B2D-A775-1B976E5B1B64}.Debug|x86.ActiveCfg = Debug|Any CPU
		{3A0D0F66-29BF-4B2D-A775-1B976E5B1B64}.Debug|x86.Build.0 = Debug|Any CPU
		{3A0D0F66-29BF-4B2D-A775-1B976E5B1B64}.Release|Any CPU.ActiveCfg = Release|Any CPU
		{3A0D0F66-29BF-4B2D-A775-1B976E5B1B64}.Release|Any CPU.Build.0 = Release|Any CPU
		{3A0D0F66-29BF-4B2D-A775-1B976E5B1B64}.Release|x64.ActiveCfg = Release|Any CPU
		{3A0D0F66-29BF-4B2D-A775-1B976E5B1B64}.Release|x64.Build.0 = Release|Any CPU
		{3A0D0F66-29BF-4B2D-A775-1B976E5B1B64}.Release|x86.ActiveCfg = Release|Any CPU
		{3A0D0F66-29BF-4B2D-A775-1B976E5B1B64}.Release|x86.Build.0 = Release|Any CPU
		{4E4DE8BC-1D34-4F02-A015-A4D302D4C11E}.Debug|Any CPU.ActiveCfg = Debug|Any CPU
		{4E4DE8BC-1D34-4F02-A015-A4D302D4C11E}.Debug|Any CPU.Build.0 = Debug|Any CPU
		{4E4DE8BC-1D34-4F02-A015-A4D302D4C11E}.Debug|x64.ActiveCfg = Debug|Any CPU
		{4E4DE8BC-1D34-4F02-A015-A4D302D4C11E}.Debug|x64.Build.0 = Debug|Any CPU
		{4E4DE8BC-1D34-4F02-A015-A4D302D4C11E}.Debug|x86.ActiveCfg = Debug|Any CPU
		{4E4DE8BC-1D34-4F02-A015-A4D302D4C11E}.Debug|x86.Build.0 = Debug|Any CPU
		{4E4DE8BC-1D34-4F02-A015-A4D302D4C11E}.Release|Any CPU.ActiveCfg = Release|Any CPU
		{4E4DE8BC-1D34-4F02-A015-A4D302D4C11E}.Release|Any CPU.Build.0 = Release|Any CPU
		{4E4DE8BC-1D34-4F02-A015-A4D302D4C11E}.Release|x64.ActiveCfg = Release|Any CPU
		{4E4DE8BC-1D34-4F02-A015-A4D302D4C11E}.Release|x64.Build.0 = Release|Any CPU
		{4E4DE8BC-1D34-4F02-A015-A4D302D4C11E}.Release|x86.ActiveCfg = Release|Any CPU
		{4E4DE8BC-1D34-4F02-A015-A4D302D4C11E}.Release|x86.Build.0 = Release|Any CPU
		{2F650BF6-3D0A-4E82-8AF4-1D81194DEB53}.Debug|Any CPU.ActiveCfg = Debug|Any CPU
		{2F650BF6-3D0A-4E82-8AF4-1D81194DEB53}.Debug|Any CPU.Build.0 = Debug|Any CPU
		{2F650BF6-3D0A-4E82-8AF4-1D81194DEB53}.Debug|x64.ActiveCfg = Debug|Any CPU
		{2F650BF6-3D0A-4E82-8AF4-1D81194DEB53}.Debug|x64.Build.0 = Debug|Any CPU
		{2F650BF6-3D0A-4E82-8AF4-1D81194DEB53}.Debug|x86.ActiveCfg = Debug|Any CPU
		{2F650BF6-3D0A-4E82-8AF4-1D81194DEB53}.Debug|x86.Build.0 = Debug|Any CPU
		{2F650BF6-3D0A-4E82-8AF4-1D81194DEB53}.Release|Any CPU.ActiveCfg = Release|Any CPU
		{2F650BF6-3D0A-4E82-8AF4-1D81194DEB53}.Release|Any CPU.Build.0 = Release|Any CPU
		{2F650BF6-3D0A-4E82-8AF4-1D81194DEB53}.Release|x64.ActiveCfg = Release|Any CPU
		{2F650BF6-3D0A-4E82-8AF4-1D81194DEB53}.Release|x64.Build.0 = Release|Any CPU
		{2F650BF6-3D0A-4E82-8AF4-1D81194DEB53}.Release|x86.ActiveCfg = Release|Any CPU
		{2F650BF6-3D0A-4E82-8AF4-1D81194DEB53}.Release|x86.Build.0 = Release|Any CPU
		{B2A81BDE-1F46-4D4A-B39C-55F3E21E5B8F}.Debug|Any CPU.ActiveCfg = Debug|Any CPU
		{B2A81BDE-1F46-4D4A-B39C-55F3E21E5B8F}.Debug|Any CPU.Build.0 = Debug|Any CPU
		{B2A81BDE-1F46-4D4A-B39C-55F3E21E5B8F}.Debug|x64.ActiveCfg = Debug|Any CPU
		{B2A81BDE-1F46-4D4A-B39C-55F3E21E5B8F}.Debug|x64.Build.0 = Debug|Any CPU
		{B2A81BDE-1F46-4D4A-B39C-55F3E21E5B8F}.Debug|x86.ActiveCfg = Debug|Any CPU
		{B2A81BDE-1F46-4D4A-B39C-55F3E21E5B8F}.Debug|x86.Build.0 = Debug|Any CPU
		{B2A81BDE-1F46-4D4A-B39C-55F3E21E5B8F}.Release|Any CPU.ActiveCfg = Release|Any CPU
		{B2A81BDE-1F46-4D4A-B39C-55F3E21E5B8F}.Release|Any CPU.Build.0 = Release|Any CPU
		{B2A81BDE-1F46-4D4A-B39C-55F3E21E5B8F}.Release|x64.ActiveCfg = Release|Any CPU
		{B2A81BDE-1F46-4D4A-B39C-55F3E21E5B8F}.Release|x64.Build.0 = Release|Any CPU
		{B2A81BDE-1F46-4D4A-B39C-55F3E21E5B8F}.Release|x86.ActiveCfg = Release|Any CPU
		{B2A81BDE-1F46-4D4A-B39C-55F3E21E5B8F}.Release|x86.Build.0 = Release|Any CPU
	EndGlobalSection
	GlobalSection(SolutionProperties) = preSolution
		HideSolutionNode = FALSE
	EndGlobalSection
	GlobalSection(ExtensibilityGlobals) = postSolution
		SolutionGuid = {EA0F98CC-901C-4F67-8564-8DA764DA816E}
	EndGlobalSection
EndGlobal
